
Microsoft Visual Studio Solution File, Format Version 12.00
# Visual Studio Version 17
VisualStudioVersion = 17.12.35707.178 d17.12
MinimumVisualStudioVersion = 10.0.40219.1
Project("{FAE04EC0-301F-11D3-BF4B-00C04F79EFBC}") = "Ice task 4", "Ice task 4\Ice task 4.csproj", "{B706ABC7-63C3-4ABD-A8CE-7F10B6B9902C}"
EndProject
Global
	GlobalSection(SolutionConfigurationPlatforms) = preSolution
		Debug|Any CPU = Debug|Any CPU
		Release|Any CPU = Release|Any CPU
	EndGlobalSection
	GlobalSection(ProjectConfigurationPlatforms) = postSolution
		{B706ABC7-63C3-4ABD-A8CE-7F10B6B9902C}.Debug|Any CPU.ActiveCfg = Debug|Any CPU
		{B706ABC7-63C3-4ABD-A8CE-7F10B6B9902C}.Debug|Any CPU.Build.0 = Debug|Any CPU
		{B706ABC7-63C3-4ABD-A8CE-7F10B6B9902C}.Release|Any CPU.ActiveCfg = Release|Any CPU
		{B706ABC7-63C3-4ABD-A8CE-7F10B6B9902C}.Release|Any CPU.Build.0 = Release|Any CPU
	EndGlobalSection
	GlobalSection(SolutionProperties) = preSolution
		HideSolutionNode = FALSE
	EndGlobalSection
EndGlobal
